// !$*UTF8*$!
{
	archiveVersion = 1;
	classes = {
	};
	objectVersion = 46;
	objects = {

/* Begin PBXBuildFile section */
		611C9A1F1E813CC100A61636 /* main.m in Sources */ = {isa = PBXBuildFile; fileRef = 611C9A1E1E813CC100A61636 /* main.m */; };
		611C9A221E813CC100A61636 /* AppDelegate.m in Sources */ = {isa = PBXBuildFile; fileRef = 611C9A211E813CC100A61636 /* AppDelegate.m */; };
		611C9A251E813CC100A61636 /* ViewController.m in Sources */ = {isa = PBXBuildFile; fileRef = 611C9A241E813CC100A61636 /* ViewController.m */; };
		611C9A281E813CC100A61636 /* Main.storyboard in Resources */ = {isa = PBXBuildFile; fileRef = 611C9A261E813CC100A61636 /* Main.storyboard */; };
		611C9A2A1E813CC100A61636 /* Assets.xcassets in Resources */ = {isa = PBXBuildFile; fileRef = 611C9A291E813CC100A61636 /* Assets.xcassets */; };
		611C9A2D1E813CC100A61636 /* LaunchScreen.storyboard in Resources */ = {isa = PBXBuildFile; fileRef = 611C9A2B1E813CC100A61636 /* LaunchScreen.storyboard */; };
		611C9A381E813CC100A61636 /* FMDBTests.m in Sources */ = {isa = PBXBuildFile; fileRef = 611C9A371E813CC100A61636 /* FMDBTests.m */; };
		611C9A431E813CC100A61636 /* FMDBUITests.m in Sources */ = {isa = PBXBuildFile; fileRef = 611C9A421E813CC100A61636 /* FMDBUITests.m */; };
		611C9A521E813CD700A61636 /* Person.m in Sources */ = {isa = PBXBuildFile; fileRef = 611C9A511E813CD700A61636 /* Person.m */; };
		611C9A551E813CE900A61636 /* SYFMDBManager.m in Sources */ = {isa = PBXBuildFile; fileRef = 611C9A541E813CE900A61636 /* SYFMDBManager.m */; };
		611C9A621E813E2F00A61636 /* FMDatabase.m in Sources */ = {isa = PBXBuildFile; fileRef = 611C9A581E813E2F00A61636 /* FMDatabase.m */; };
		611C9A631E813E2F00A61636 /* FMDatabaseAdditions.m in Sources */ = {isa = PBXBuildFile; fileRef = 611C9A5A1E813E2F00A61636 /* FMDatabaseAdditions.m */; };
		611C9A641E813E2F00A61636 /* FMDatabasePool.m in Sources */ = {isa = PBXBuildFile; fileRef = 611C9A5C1E813E2F00A61636 /* FMDatabasePool.m */; };
		611C9A651E813E2F00A61636 /* FMDatabaseQueue.m in Sources */ = {isa = PBXBuildFile; fileRef = 611C9A5E1E813E2F00A61636 /* FMDatabaseQueue.m */; };
		611C9A661E813E2F00A61636 /* FMResultSet.m in Sources */ = {isa = PBXBuildFile; fileRef = 611C9A611E813E2F00A61636 /* FMResultSet.m */; };
		611C9A691E813E3F00A61636 /* libsqlite3.0.tbd in Frameworks */ = {isa = PBXBuildFile; fileRef = 611C9A681E813E3F00A61636 /* libsqlite3.0.tbd */; };
/* End PBXBuildFile section */

/* Begin PBXContainerItemProxy section */
		611C9A341E813CC100A61636 /* PBXContainerItemProxy */ = {
			isa = PBXContainerItemProxy;
			containerPortal = 611C9A121E813CC100A61636 /* Project object */;
			proxyType = 1;
			remoteGlobalIDString = 611C9A191E813CC100A61636;
			remoteInfo = FMDB;
		};
		611C9A3F1E813CC100A61636 /* PBXContainerItemProxy */ = {
			isa = PBXContainerItemProxy;
			containerPortal = 611C9A121E813CC100A61636 /* Project object */;
			proxyType = 1;
			remoteGlobalIDString = 611C9A191E813CC100A61636;
			remoteInfo = FMDB;
		};
/* End PBXContainerItemProxy section */

/* Begin PBXFileReference section */
		611C9A1A1E813CC100A61636 /* FMDB.app */ = {isa = PBXFileReference; explicitFileType = wrapper.application; includeInIndex = 0; path = FMDB.app; sourceTree = BUILT_PRODUCTS_DIR; };
		611C9A1E1E813CC100A61636 /* main.m */ = {isa = PBXFileReference; lastKnownFileType = sourcecode.c.objc; path = main.m; sourceTree = "<group>"; };
		611C9A201E813CC100A61636 /* AppDelegate.h */ = {isa = PBXFileReference; lastKnownFileType = sourcecode.c.h; path = AppDelegate.h; sourceTree = "<group>"; };
		611C9A211E813CC100A61636 /* AppDelegate.m */ = {isa = PBXFileReference; lastKnownFileType = sourcecode.c.objc; path = AppDelegate.m; sourceTree = "<group>"; };
		611C9A231E813CC100A61636 /* ViewController.h */ = {isa = PBXFileReference; lastKnownFileType = sourcecode.c.h; path = ViewController.h; sourceTree = "<group>"; };
		611C9A241E813CC100A61636 /* ViewController.m */ = {isa = PBXFileReference; lastKnownFileType = sourcecode.c.objc; path = ViewController.m; sourceTree = "<group>"; };
		611C9A271E813CC100A61636 /* Base */ = {isa = PBXFileReference; lastKnownFileType = file.storyboard; name = Base; path = Base.lproj/Main.storyboard; sourceTree = "<group>"; };
		611C9A291E813CC100A61636 /* Assets.xcassets */ = {isa = PBXFileReference; lastKnownFileType = folder.assetcatalog; path = Assets.xcassets; sourceTree = "<group>"; };
		611C9A2C1E813CC100A61636 /* Base */ = {isa = PBXFileReference; lastKnownFileType = file.storyboard; name = Base; path = Base.lproj/LaunchScreen.storyboard; sourceTree = "<group>"; };
		611C9A2E1E813CC100A61636 /* Info.plist */ = {isa = PBXFileReference; lastKnownFileType = text.plist.xml; path = Info.plist; sourceTree = "<group>"; };
		611C9A331E813CC100A61636 /* FMDBTests.xctest */ = {isa = PBXFileReference; explicitFileType = wrapper.cfbundle; includeInIndex = 0; path = FMDBTests.xctest; sourceTree = BUILT_PRODUCTS_DIR; };
		611C9A371E813CC100A61636 /* FMDBTests.m */ = {isa = PBXFileReference; lastKnownFileType = sourcecode.c.objc; path = FMDBTests.m; sourceTree = "<group>"; };
		611C9A391E813CC100A61636 /* Info.plist */ = {isa = PBXFileReference; lastKnownFileType = text.plist.xml; path = Info.plist; sourceTree = "<group>"; };
		611C9A3E1E813CC100A61636 /* FMDBUITests.xctest */ = {isa = PBXFileReference; explicitFileType = wrapper.cfbundle; includeInIndex = 0; path = FMDBUITests.xctest; sourceTree = BUILT_PRODUCTS_DIR; };
		611C9A421E813CC100A61636 /* FMDBUITests.m */ = {isa = PBXFileReference; lastKnownFileType = sourcecode.c.objc; path = FMDBUITests.m; sourceTree = "<group>"; };
		611C9A441E813CC100A61636 /* Info.plist */ = {isa = PBXFileReference; lastKnownFileType = text.plist.xml; path = Info.plist; sourceTree = "<group>"; };
		611C9A501E813CD700A61636 /* Person.h */ = {isa = PBXFileReference; fileEncoding = 4; lastKnownFileType = sourcecode.c.h; path = Person.h; sourceTree = "<group>"; };
		611C9A511E813CD700A61636 /* Person.m */ = {isa = PBXFileReference; fileEncoding = 4; lastKnownFileType = sourcecode.c.objc; path = Person.m; sourceTree = "<group>"; };
		611C9A531E813CE900A61636 /* SYFMDBManager.h */ = {isa = PBXFileReference; fileEncoding = 4; lastKnownFileType = sourcecode.c.h; path = SYFMDBManager.h; sourceTree = "<group>"; };
		611C9A541E813CE900A61636 /* SYFMDBManager.m */ = {isa = PBXFileReference; fileEncoding = 4; lastKnownFileType = sourcecode.c.objc; path = SYFMDBManager.m; sourceTree = "<group>"; };
		611C9A571E813E2F00A61636 /* FMDatabase.h */ = {isa = PBXFileReference; fileEncoding = 4; lastKnownFileType = sourcecode.c.h; path = FMDatabase.h; sourceTree = "<group>"; };
		611C9A581E813E2F00A61636 /* FMDatabase.m */ = {isa = PBXFileReference; fileEncoding = 4; lastKnownFileType = sourcecode.c.objc; path = FMDatabase.m; sourceTree = "<group>"; };
		611C9A591E813E2F00A61636 /* FMDatabaseAdditions.h */ = {isa = PBXFileReference; fileEncoding = 4; lastKnownFileType = sourcecode.c.h; path = FMDatabaseAdditions.h; sourceTree = "<group>"; };
		611C9A5A1E813E2F00A61636 /* FMDatabaseAdditions.m */ = {isa = PBXFileReference; fileEncoding = 4; lastKnownFileType = sourcecode.c.objc; path = FMDatabaseAdditions.m; sourceTree = "<group>"; };
		611C9A5B1E813E2F00A61636 /* FMDatabasePool.h */ = {isa = PBXFileReference; fileEncoding = 4; lastKnownFileType = sourcecode.c.h; path = FMDatabasePool.h; sourceTree = "<group>"; };
		611C9A5C1E813E2F00A61636 /* FMDatabasePool.m */ = {isa = PBXFileReference; fileEncoding = 4; lastKnownFileType = sourcecode.c.objc; path = FMDatabasePool.m; sourceTree = "<group>"; };
		611C9A5D1E813E2F00A61636 /* FMDatabaseQueue.h */ = {isa = PBXFileReference; fileEncoding = 4; lastKnownFileType = sourcecode.c.h; path = FMDatabaseQueue.h; sourceTree = "<group>"; };
		611C9A5E1E813E2F00A61636 /* FMDatabaseQueue.m */ = {isa = PBXFileReference; fileEncoding = 4; lastKnownFileType = sourcecode.c.objc; path = FMDatabaseQueue.m; sourceTree = "<group>"; };
		611C9A5F1E813E2F00A61636 /* FMDB.h */ = {isa = PBXFileReference; fileEncoding = 4; lastKnownFileType = sourcecode.c.h; path = FMDB.h; sourceTree = "<group>"; };
		611C9A601E813E2F00A61636 /* FMResultSet.h */ = {isa = PBXFileReference; fileEncoding = 4; lastKnownFileType = sourcecode.c.h; path = FMResultSet.h; sourceTree = "<group>"; };
		611C9A611E813E2F00A61636 /* FMResultSet.m */ = {isa = PBXFileReference; fileEncoding = 4; lastKnownFileType = sourcecode.c.objc; path = FMResultSet.m; sourceTree = "<group>"; };
		611C9A681E813E3F00A61636 /* libsqlite3.0.tbd */ = {isa = PBXFileReference; lastKnownFileType = "sourcecode.text-based-dylib-definition"; name = libsqlite3.0.tbd; path = usr/lib/libsqlite3.0.tbd; sourceTree = SDKROOT; };
/* End PBXFileReference section */

/* Begin PBXFrameworksBuildPhase section */
		611C9A171E813CC100A61636 /* Frameworks */ = {
			isa = PBXFrameworksBuildPhase;
			buildActionMask = 2147483647;
			files = (
				611C9A691E813E3F00A61636 /* libsqlite3.0.tbd in Frameworks */,
			);
			runOnlyForDeploymentPostprocessing = 0;
		};
		611C9A301E813CC100A61636 /* Frameworks */ = {
			isa = PBXFrameworksBuildPhase;
			buildActionMask = 2147483647;
			files = (
			);
			runOnlyForDeploymentPostprocessing = 0;
		};
		611C9A3B1E813CC100A61636 /* Frameworks */ = {
			isa = PBXFrameworksBuildPhase;
			buildActionMask = 2147483647;
			files = (
			);
			runOnlyForDeploymentPostprocessing = 0;
		};
/* End PBXFrameworksBuildPhase section */

/* Begin PBXGroup section */
		611C9A111E813CC100A61636 = {
			isa = PBXGroup;
			children = (
				611C9A1C1E813CC100A61636 /* FMDB */,
				611C9A361E813CC100A61636 /* FMDBTests */,
				611C9A411E813CC100A61636 /* FMDBUITests */,
				611C9A1B1E813CC100A61636 /* Products */,
				611C9A671E813E3E00A61636 /* Frameworks */,
			);
			sourceTree = "<group>";
		};
		611C9A1B1E813CC100A61636 /* Products */ = {
			isa = PBXGroup;
			children = (
				611C9A1A1E813CC100A61636 /* FMDB.app */,
				611C9A331E813CC100A61636 /* FMDBTests.xctest */,
				611C9A3E1E813CC100A61636 /* FMDBUITests.xctest */,
			);
			name = Products;
			sourceTree = "<group>";
		};
		611C9A1C1E813CC100A61636 /* FMDB */ = {
			isa = PBXGroup;
			children = (
				611C9A561E813E2F00A61636 /* fmdb */,
				611C9A201E813CC100A61636 /* AppDelegate.h */,
				611C9A211E813CC100A61636 /* AppDelegate.m */,
				611C9A231E813CC100A61636 /* ViewController.h */,
				611C9A241E813CC100A61636 /* ViewController.m */,
				611C9A531E813CE900A61636 /* SYFMDBManager.h */,
				611C9A541E813CE900A61636 /* SYFMDBManager.m */,
				611C9A501E813CD700A61636 /* Person.h */,
				611C9A511E813CD700A61636 /* Person.m */,
				611C9A261E813CC100A61636 /* Main.storyboard */,
				611C9A291E813CC100A61636 /* Assets.xcassets */,
				611C9A2B1E813CC100A61636 /* LaunchScreen.storyboard */,
				611C9A2E1E813CC100A61636 /* Info.plist */,
				611C9A1D1E813CC100A61636 /* Supporting Files */,
			);
			path = FMDB;
			sourceTree = "<group>";
		};
		611C9A1D1E813CC100A61636 /* Supporting Files */ = {
			isa = PBXGroup;
			children = (
				611C9A1E1E813CC100A61636 /* main.m */,
			);
			name = "Supporting Files";
			sourceTree = "<group>";
		};
		611C9A361E813CC100A61636 /* FMDBTests */ = {
			isa = PBXGroup;
			children = (
				611C9A371E813CC100A61636 /* FMDBTests.m */,
				611C9A391E813CC100A61636 /* Info.plist */,
			);
			path = FMDBTests;
			sourceTree = "<group>";
		};
		611C9A411E813CC100A61636 /* FMDBUITests */ = {
			isa = PBXGroup;
			children = (
				611C9A421E813CC100A61636 /* FMDBUITests.m */,
				611C9A441E813CC100A61636 /* Info.plist */,
			);
			path = FMDBUITests;
			sourceTree = "<group>";
		};
		611C9A561E813E2F00A61636 /* fmdb */ = {
			isa = PBXGroup;
			children = (
				611C9A571E813E2F00A61636 /* FMDatabase.h */,
				611C9A581E813E2F00A61636 /* FMDatabase.m */,
				611C9A591E813E2F00A61636 /* FMDatabaseAdditions.h */,
				611C9A5A1E813E2F00A61636 /* FMDatabaseAdditions.m */,
				611C9A5B1E813E2F00A61636 /* FMDatabasePool.h */,
				611C9A5C1E813E2F00A61636 /* FMDatabasePool.m */,
				611C9A5D1E813E2F00A61636 /* FMDatabaseQueue.h */,
				611C9A5E1E813E2F00A61636 /* FMDatabaseQueue.m */,
				611C9A5F1E813E2F00A61636 /* FMDB.h */,
				611C9A601E813E2F00A61636 /* FMResultSet.h */,
				611C9A611E813E2F00A61636 /* FMResultSet.m */,
			);
			path = fmdb;
			sourceTree = "<group>";
		};
		611C9A671E813E3E00A61636 /* Frameworks */ = {
			isa = PBXGroup;
			children = (
				611C9A681E813E3F00A61636 /* libsqlite3.0.tbd */,
			);
			name = Frameworks;
			sourceTree = "<group>";
		};
/* End PBXGroup section */

/* Begin PBXNativeTarget section */
		611C9A191E813CC100A61636 /* FMDB */ = {
			isa = PBXNativeTarget;
			buildConfigurationList = 611C9A471E813CC100A61636 /* Build configuration list for PBXNativeTarget "FMDB" */;
			buildPhases = (
				611C9A161E813CC100A61636 /* Sources */,
				611C9A171E813CC100A61636 /* Frameworks */,
				611C9A181E813CC100A61636 /* Resources */,
			);
			buildRules = (
			);
			dependencies = (
			);
			name = FMDB;
			productName = FMDB;
			productReference = 611C9A1A1E813CC100A61636 /* FMDB.app */;
			productType = "com.apple.product-type.application";
		};
		611C9A321E813CC100A61636 /* FMDBTests */ = {
			isa = PBXNativeTarget;
			buildConfigurationList = 611C9A4A1E813CC100A61636 /* Build configuration list for PBXNativeTarget "FMDBTests" */;
			buildPhases = (
				611C9A2F1E813CC100A61636 /* Sources */,
				611C9A301E813CC100A61636 /* Frameworks */,
				611C9A311E813CC100A61636 /* Resources */,
			);
			buildRules = (
			);
			dependencies = (
				611C9A351E813CC100A61636 /* PBXTargetDependency */,
			);
			name = FMDBTests;
			productName = FMDBTests;
			productReference = 611C9A331E813CC100A61636 /* FMDBTests.xctest */;
			productType = "com.apple.product-type.bundle.unit-test";
		};
		611C9A3D1E813CC100A61636 /* FMDBUITests */ = {
			isa = PBXNativeTarget;
			buildConfigurationList = 611C9A4D1E813CC100A61636 /* Build configuration list for PBXNativeTarget "FMDBUITests" */;
			buildPhases = (
				611C9A3A1E813CC100A61636 /* Sources */,
				611C9A3B1E813CC100A61636 /* Frameworks */,
				611C9A3C1E813CC100A61636 /* Resources */,
			);
			buildRules = (
			);
			dependencies = (
				611C9A401E813CC100A61636 /* PBXTargetDependency */,
			);
			name = FMDBUITests;
			productName = FMDBUITests;
			productReference = 611C9A3E1E813CC100A61636 /* FMDBUITests.xctest */;
			productType = "com.apple.product-type.bundle.ui-testing";
		};
/* End PBXNativeTarget section */

/* Begin PBXProject section */
		611C9A121E813CC100A61636 /* Project object */ = {
			isa = PBXProject;
			attributes = {
				LastUpgradeCheck = 0820;
				ORGANIZATIONNAME = DuKaiShun;
				TargetAttributes = {
					611C9A191E813CC100A61636 = {
						CreatedOnToolsVersion = 8.2.1;
						DevelopmentTeam = X42645MK9G;
						ProvisioningStyle = Automatic;
					};
					611C9A321E813CC100A61636 = {
						CreatedOnToolsVersion = 8.2.1;
						DevelopmentTeam = X42645MK9G;
						ProvisioningStyle = Automatic;
						TestTargetID = 611C9A191E813CC100A61636;
					};
					611C9A3D1E813CC100A61636 = {
						CreatedOnToolsVersion = 8.2.1;
						DevelopmentTeam = X42645MK9G;
						ProvisioningStyle = Automatic;
						TestTargetID = 611C9A191E813CC100A61636;
					};
				};
			};
			buildConfigurationList = 611C9A151E813CC100A61636 /* Build configuration list for PBXProject "FMDB" */;
			compatibilityVersion = "Xcode 3.2";
			developmentRegion = English;
			hasScannedForEncodings = 0;
			knownRegions = (
				en,
				Base,
			);
			mainGroup = 611C9A111E813CC100A61636;
			productRefGroup = 611C9A1B1E813CC100A61636 /* Products */;
			projectDirPath = "";
			projectRoot = "";
			targets = (
				611C9A191E813CC100A61636 /* FMDB */,
				611C9A321E813CC100A61636 /* FMDBTests */,
				611C9A3D1E813CC100A61636 /* FMDBUITests */,
			);
		};
/* End PBXProject section */

/* Begin PBXResourcesBuildPhase section */
		611C9A181E813CC100A61636 /* Resources */ = {
			isa = PBXResourcesBuildPhase;
			buildActionMask = 2147483647;
			files = (
				611C9A2D1E813CC100A61636 /* LaunchScreen.storyboard in Resources */,
				611C9A2A1E813CC100A61636 /* Assets.xcassets in Resources */,
				611C9A281E813CC100A61636 /* Main.storyboard in Resources */,
			);
			runOnlyForDeploymentPostprocessing = 0;
		};
		611C9A311E813CC100A61636 /* Resources */ = {
			isa = PBXResourcesBuildPhase;
			buildActionMask = 2147483647;
			files = (
			);
			runOnlyForDeploymentPostprocessing = 0;
		};
		611C9A3C1E813CC100A61636 /* Resources */ = {
			isa = PBXResourcesBuildPhase;
			buildActionMask = 2147483647;
			files = (
			);
			runOnlyForDeploymentPostprocessing = 0;
		};
/* End PBXResourcesBuildPhase section */

/* Begin PBXSourcesBuildPhase section */
		611C9A161E813CC100A61636 /* Sources */ = {
			isa = PBXSourcesBuildPhase;
			buildActionMask = 2147483647;
			files = (
				611C9A251E813CC100A61636 /* ViewController.m in Sources */,
				611C9A221E813CC100A61636 /* AppDelegate.m in Sources */,
				611C9A551E813CE900A61636 /* SYFMDBManager.m in Sources */,
				611C9A621E813E2F00A61636 /* FMDatabase.m in Sources */,
				611C9A661E813E2F00A61636 /* FMResultSet.m in Sources */,
				611C9A521E813CD700A61636 /* Person.m in Sources */,
				611C9A641E813E2F00A61636 /* FMDatabasePool.m in Sources */,
				611C9A631E813E2F00A61636 /* FMDatabaseAdditions.m in Sources */,
				611C9A1F1E813CC100A61636 /* main.m in Sources */,
				611C9A651E813E2F00A61636 /* FMDatabaseQueue.m in Sources */,
			);
			runOnlyForDeploymentPostprocessing = 0;
		};
		611C9A2F1E813CC100A61636 /* Sources */ = {
			isa = PBXSourcesBuildPhase;
			buildActionMask = 2147483647;
			files = (
				611C9A381E813CC100A61636 /* FMDBTests.m in Sources */,
			);
			runOnlyForDeploymentPostprocessing = 0;
		};
		611C9A3A1E813CC100A61636 /* Sources */ = {
			isa = PBXSourcesBuildPhase;
			buildActionMask = 2147483647;
			files = (
				611C9A431E813CC100A61636 /* FMDBUITests.m in Sources */,
			);
			runOnlyForDeploymentPostprocessing = 0;
		};
/* End PBXSourcesBuildPhase section */

/* Begin PBXTargetDependency section */
		611C9A351E813CC100A61636 /* PBXTargetDependency */ = {
			isa = PBXTargetDependency;
			target = 611C9A191E813CC100A61636 /* FMDB */;
			targetProxy = 611C9A341E813CC100A61636 /* PBXContainerItemProxy */;
		};
		611C9A401E813CC100A61636 /* PBXTargetDependency */ = {
			isa = PBXTargetDependency;
			target = 611C9A191E813CC100A61636 /* FMDB */;
			targetProxy = 611C9A3F1E813CC100A61636 /* PBXContainerItemProxy */;
		};
/* End PBXTargetDependency section */

/* Begin PBXVariantGroup section */
		611C9A261E813CC100A61636 /* Main.storyboard */ = {
			isa = PBXVariantGroup;
			children = (
				611C9A271E813CC100A61636 /* Base */,
			);
			name = Main.storyboard;
			sourceTree = "<group>";
		};
		611C9A2B1E813CC100A61636 /* LaunchScreen.storyboard */ = {
			isa = PBXVariantGroup;
			children = (
				611C9A2C1E813CC100A61636 /* Base */,
			);
			name = LaunchScreen.storyboard;
			sourceTree = "<group>";
		};
/* End PBXVariantGroup section */

/* Begin XCBuildConfiguration section */
		611C9A451E813CC100A61636 /* Debug */ = {
			isa = XCBuildConfiguration;
			buildSettings = {
				ALWAYS_SEARCH_USER_PATHS = NO;
				CLANG_ANALYZER_NONNULL = YES;
				CLANG_CXX_LANGUAGE_STANDARD = "gnu++0x";
				CLANG_CXX_LIBRARY = "libc++";
				CLANG_ENABLE_MODULES = YES;
				CLANG_ENABLE_OBJC_ARC = YES;
				CLANG_WARN_BOOL_CONVERSION = YES;
				CLANG_WARN_CONSTANT_CONVERSION = YES;
				CLANG_WARN_DIRECT_OBJC_ISA_USAGE = YES_ERROR;
				CLANG_WARN_DOCUMENTATION_COMMENTS = YES;
				CLANG_WARN_EMPTY_BODY = YES;
				CLANG_WARN_ENUM_CONVERSION = YES;
				CLANG_WARN_INFINITE_RECURSION = YES;
				CLANG_WARN_INT_CONVERSION = YES;
				CLANG_WARN_OBJC_ROOT_CLASS = YES_ERROR;
				CLANG_WARN_SUSPICIOUS_MOVE = YES;
				CLANG_WARN_UNREACHABLE_CODE = YES;
				CLANG_WARN__DUPLICATE_METHOD_MATCH = YES;
				"CODE_SIGN_IDENTITY[sdk=iphoneos*]" = "iPhone Developer";
				COPY_PHASE_STRIP = NO;
				DEBUG_INFORMATION_FORMAT = dwarf;
				ENABLE_STRICT_OBJC_MSGSEND = YES;
				ENABLE_TESTABILITY = YES;
				GCC_C_LANGUAGE_STANDARD = gnu99;
				GCC_DYNAMIC_NO_PIC = NO;
				GCC_NO_COMMON_BLOCKS = YES;
				GCC_OPTIMIZATION_LEVEL = 0;
				GCC_PREPROCESSOR_DEFINITIONS = (
					"DEBUG=1",
					"$(inherited)",
				);
				GCC_WARN_64_TO_32_BIT_CONVERSION = YES;
				GCC_WARN_ABOUT_RETURN_TYPE = YES_ERROR;
				GCC_WARN_UNDECLARED_SELECTOR = YES;
				GCC_WARN_UNINITIALIZED_AUTOS = YES_AGGRESSIVE;
				GCC_WARN_UNUSED_FUNCTION = YES;
				GCC_WARN_UNUSED_VARIABLE = YES;
				IPHONEOS_DEPLOYMENT_TARGET = 10.2;
				MTL_ENABLE_DEBUG_INFO = YES;
				ONLY_ACTIVE_ARCH = YES;
				SDKROOT = iphoneos;
				TARGETED_DEVICE_FAMILY = "1,2";
			};
			name = Debug;
		};
		611C9A461E813CC100A61636 /* Release */ = {
			isa = XCBuildConfiguration;
			buildSettings = {
				ALWAYS_SEARCH_USER_PATHS = NO;
				CLANG_ANALYZER_NONNULL = YES;
				CLANG_CXX_LANGUAGE_STANDARD = "gnu++0x";
				CLANG_CXX_LIBRARY = "libc++";
				CLANG_ENABLE_MODULES = YES;
				CLANG_ENABLE_OBJC_ARC = YES;
				CLANG_WARN_BOOL_CONVERSION = YES;
				CLANG_WARN_CONSTANT_CONVERSION = YES;
				CLANG_WARN_DIRECT_OBJC_ISA_USAGE = YES_ERROR;
				CLANG_WARN_DOCUMENTATION_COMMENTS = YES;
				CLANG_WARN_EMPTY_BODY = YES;
				CLANG_WARN_ENUM_CONVERSION = YES;
				CLANG_WARN_INFINITE_RECURSION = YES;
				CLANG_WARN_INT_CONVERSION = YES;
				CLANG_WARN_OBJC_ROOT_CLASS = YES_ERROR;
				CLANG_WARN_SUSPICIOUS_MOVE = YES;
				CLANG_WARN_UNREACHABLE_CODE = YES;
				CLANG_WARN__DUPLICATE_METHOD_MATCH = YES;
				"CODE_SIGN_IDENTITY[sdk=iphoneos*]" = "iPhone Developer";
				COPY_PHASE_STRIP = NO;
				DEBUG_INFORMATION_FORMAT = "dwarf-with-dsym";
				ENABLE_NS_ASSERTIONS = NO;
				ENABLE_STRICT_OBJC_MSGSEND = YES;
				GCC_C_LANGUAGE_STANDARD = gnu99;
				GCC_NO_COMMON_BLOCKS = YES;
				GCC_WARN_64_TO_32_BIT_CONVERSION = YES;
				GCC_WARN_ABOUT_RETURN_TYPE = YES_ERROR;
				GCC_WARN_UNDECLARED_SELECTOR = YES;
				GCC_WARN_UNINITIALIZED_AUTOS = YES_AGGRESSIVE;
				GCC_WARN_UNUSED_FUNCTION = YES;
				GCC_WARN_UNUSED_VARIABLE = YES;
				IPHONEOS_DEPLOYMENT_TARGET = 10.2;
				MTL_ENABLE_DEBUG_INFO = NO;
				SDKROOT = iphoneos;
				TARGETED_DEVICE_FAMILY = "1,2";
				VALIDATE_PRODUCT = YES;
			};
			name = Release;
		};
		611C9A481E813CC100A61636 /* Debug */ = {
			isa = XCBuildConfiguration;
			buildSettings = {
				ASSETCATALOG_COMPILER_APPICON_NAME = AppIcon;
				DEVELOPMENT_TEAM = X42645MK9G;
				INFOPLIST_FILE = FMDB/Info.plist;
				IPHONEOS_DEPLOYMENT_TARGET = 8.0;
				LD_RUNPATH_SEARCH_PATHS = "$(inherited) @executable_path/Frameworks";
				PRODUCT_BUNDLE_IDENTIFIER = com.robooot.FMDB;
				PRODUCT_NAME = "$(TARGET_NAME)";
			};
			name = Debug;
		};
		611C9A491E813CC100A61636 /* Release */ = {
			isa = XCBuildConfiguration;
			buildSettings = {
				ASSETCATALOG_COMPILER_APPICON_NAME = AppIcon;
				DEVELOPMENT_TEAM = X42645MK9G;
				INFOPLIST_FILE = FMDB/Info.plist;
				IPHONEOS_DEPLOYMENT_TARGET = 8.0;
				LD_RUNPATH_SEARCH_PATHS = "$(inherited) @executable_path/Frameworks";
				PRODUCT_BUNDLE_IDENTIFIER = com.robooot.FMDB;
				PRODUCT_NAME = "$(TARGET_NAME)";
			};
			name = Release;
		};
		611C9A4B1E813CC100A61636 /* Debug */ = {
			isa = XCBuildConfiguration;
			buildSettings = {
				BUNDLE_LOADER = "$(TEST_HOST)";
				DEVELOPMENT_TEAM = X42645MK9G;
				INFOPLIST_FILE = FMDBTests/Info.plist;
				LD_RUNPATH_SEARCH_PATHS = "$(inherited) @executable_path/Frameworks @loader_path/Frameworks";
				PRODUCT_BUNDLE_IDENTIFIER = com.robooot.FMDBTests;
				PRODUCT_NAME = "$(TARGET_NAME)";
				TEST_HOST = "$(BUILT_PRODUCTS_DIR)/FMDB.app/FMDB";
			};
			name = Debug;
		};
		611C9A4C1E813CC100A61636 /* Release */ = {
			isa = XCBuildConfiguration;
			buildSettings = {
				BUNDLE_LOADER = "$(TEST_HOST)";
				DEVELOPMENT_TEAM = X42645MK9G;
				INFOPLIST_FILE = FMDBTests/Info.plist;
				LD_RUNPATH_SEARCH_PATHS = "$(inherited) @executable_path/Frameworks @loader_path/Frameworks";
				PRODUCT_BUNDLE_IDENTIFIER = com.robooot.FMDBTests;
				PRODUCT_NAME = "$(TARGET_NAME)";
				TEST_HOST = "$(BUILT_PRODUCTS_DIR)/FMDB.app/FMDB";
			};
			name = Release;
		};
		611C9A4E1E813CC100A61636 /* Debug */ = {
			isa = XCBuildConfiguration;
			buildSettings = {
				DEVELOPMENT_TEAM = X42645MK9G;
				INFOPLIST_FILE = FMDBUITests/Info.plist;
				LD_RUNPATH_SEARCH_PATHS = "$(inherited) @executable_path/Frameworks @loader_path/Frameworks";
				PRODUCT_BUNDLE_IDENTIFIER = com.robooot.FMDBUITests;
				PRODUCT_NAME = "$(TARGET_NAME)";
				TEST_TARGET_NAME = FMDB;
			};
			name = Debug;
		};
		611C9A4F1E813CC100A61636 /* Release */ = {
			isa = XCBuildConfiguration;
			buildSettings = {
				DEVELOPMENT_TEAM = X42645MK9G;
				INFOPLIST_FILE = FMDBUITests/Info.plist;
				LD_RUNPATH_SEARCH_PATHS = "$(inherited) @executable_path/Frameworks @loader_path/Frameworks";
				PRODUCT_BUNDLE_IDENTIFIER = com.robooot.FMDBUITests;
				PRODUCT_NAME = "$(TARGET_NAME)";
				TEST_TARGET_NAME = FMDB;
			};
			name = Release;
		};
/* End XCBuildConfiguration section */

/* Begin XCConfigurationList section */
		611C9A151E813CC100A61636 /* Build configuration list for PBXProject "FMDB" */ = {
			isa = XCConfigurationList;
			buildConfigurations = (
				611C9A451E813CC100A61636 /* Debug */,
				611C9A461E813CC100A61636 /* Release */,
			);
			defaultConfigurationIsVisible = 0;
			defaultConfigurationName = Release;
		};
		611C9A471E813CC100A61636 /* Build configuration list for PBXNativeTarget "FMDB" */ = {
			isa = XCConfigurationList;
			buildConfigurations = (
				611C9A481E813CC100A61636 /* Debug */,
				611C9A491E813CC100A61636 /* Release */,
			);
			defaultConfigurationIsVisible = 0;
		};
		611C9A4A1E813CC100A61636 /* Build configuration list for PBXNativeTarget "FMDBTests" */ = {
			isa = XCConfigurationList;
			buildConfigurations = (
				611C9A4B1E813CC100A61636 /* Debug */,
				611C9A4C1E813CC100A61636 /* Release */,
			);
			defaultConfigurationIsVisible = 0;
		};
		611C9A4D1E813CC100A61636 /* Build configuration list for PBXNativeTarget "FMDBUITests" */ = {
			isa = XCConfigurationList;
			buildConfigurations = (
				611C9A4E1E813CC100A61636 /* Debug */,
				611C9A4F1E813CC100A61636 /* Release */,
			);
			defaultConfigurationIsVisible = 0;
		};
/* End XCConfigurationList section */
	};
	rootObject = 611C9A121E813CC100A61636 /* Project object */;
}
